
Microsoft Visual Studio Solution File, Format Version 12.00
# Visual Studio 14
VisualStudioVersion = 14.0.25420.1
MinimumVisualStudioVersion = 10.0.40219.1
Project("{8BC9CEB8-8B4A-11D0-8D11-00A0C91BC942}") = "opencv_grayscale_gaussian_filter", "opencv_grayscale_gaussian_filter\opencv_grayscale_gaussian_filter.vcxproj", "{F1C60EE8-7846-46E6-894E-2240924EC036}"
EndProject
Project("{8BC9CEB8-8B4A-11D0-8D11-00A0C91BC942}") = "opencv_color_gaussian_filter", "opencv_color_gaussian_filter\opencv_color_gaussian_filter.vcxproj", "{DC962E8B-B56E-40FD-9BC1-5C40B52DA89B}"
EndProject
Global
	GlobalSection(SolutionConfigurationPlatforms) = preSolution
		Debug|x64 = Debug|x64
		Debug|x86 = Debug|x86
		Release|x64 = Release|x64
		Release|x86 = Release|x86
	EndGlobalSection
	GlobalSection(ProjectConfigurationPlatforms) = postSolution
		{F1C60EE8-7846-46E6-894E-2240924EC036}.Debug|x64.ActiveCfg = Debug|x64
		{F1C60EE8-7846-46E6-894E-2240924EC036}.Debug|x64.Build.0 = Debug|x64
		{F1C60EE8-7846-46E6-894E-2240924EC036}.Debug|x86.ActiveCfg = Debug|Win32
		{F1C60EE8-7846-46E6-894E-2240924EC036}.Debug|x86.Build.0 = Debug|Win32
		{F1C60EE8-7846-46E6-894E-2240924EC036}.Release|x64.ActiveCfg = Release|x64
		{F1C60EE8-7846-46E6-894E-2240924EC036}.Release|x64.Build.0 = Release|x64
		{F1C60EE8-7846-46E6-894E-2240924EC036}.Release|x86.ActiveCfg = Release|Win32
		{F1C60EE8-7846-46E6-894E-2240924EC036}.Release|x86.Build.0 = Release|Win32
		{DC962E8B-B56E-40FD-9BC1-5C40B52DA89B}.Debug|x64.ActiveCfg = Debug|x64
		{DC962E8B-B56E-40FD-9BC1-5C40B52DA89B}.Debug|x64.Build.0 = Debug|x64
		{DC962E8B-B56E-40FD-9BC1-5C40B52DA89B}.Debug|x86.ActiveCfg = Debug|Win32
		{DC962E8B-B56E-40FD-9BC1-5C40B52DA89B}.Debug|x86.Build.0 = Debug|Win32
		{DC962E8B-B56E-40FD-9BC1-5C40B52DA89B}.Release|x64.ActiveCfg = Release|x64
		{DC962E8B-B56E-40FD-9BC1-5C40B52DA89B}.Release|x64.Build.0 = Release|x64
		{DC962E8B-B56E-40FD-9BC1-5C40B52DA89B}.Release|x86.ActiveCfg = Release|Win32
		{DC962E8B-B56E-40FD-9BC1-5C40B52DA89B}.Release|x86.Build.0 = Release|Win32
	EndGlobalSection
	GlobalSection(SolutionProperties) = preSolution
		HideSolutionNode = FALSE
	EndGlobalSection
EndGlobal
